
Microsoft Visual Studio Solution File, Format Version 12.00
# Visual Studio 15
VisualStudioVersion = 15.0.28010.2036
MinimumVisualStudioVersion = 10.0.40219.1
Project("{FAE04EC0-301F-11D3-BF4B-00C04F79EFBC}") = "OWHeroApp2.Android", "OWHeroApp2\OWHeroApp2.Android\OWHeroApp2.Android.csproj", "{90D6E964-26E1-4857-B3EC-9CDBA5A93D48}"
EndProject
Project("{FAE04EC0-301F-11D3-BF4B-00C04F79EFBC}") = "OWHeroApp2", "OWHeroApp2\OWHeroApp2\OWHeroApp2.csproj", "{EF6380CE-5841-4D8E-8CEA-28E2120F7D6F}"
EndProject
Global
	GlobalSection(SolutionConfigurationPlatforms) = preSolution
		Debug|Any CPU = Debug|Any CPU
		Release|Any CPU = Release|Any CPU
	EndGlobalSection
	GlobalSection(ProjectConfigurationPlatforms) = postSolution
		{90D6E964-26E1-4857-B3EC-9CDBA5A93D48}.Debug|Any CPU.ActiveCfg = Debug|Any CPU
		{90D6E964-26E1-4857-B3EC-9CDBA5A93D48}.Debug|Any CPU.Build.0 = Debug|Any CPU
		{90D6E964-26E1-4857-B3EC-9CDBA5A93D48}.Debug|Any CPU.Deploy.0 = Debug|Any CPU
		{90D6E964-26E1-4857-B3EC-9CDBA5A93D48}.Release|Any CPU.ActiveCfg = Release|Any CPU
		{90D6E964-26E1-4857-B3EC-9CDBA5A93D48}.Release|Any CPU.Build.0 = Release|Any CPU
		{90D6E964-26E1-4857-B3EC-9CDBA5A93D48}.Release|Any CPU.Deploy.0 = Release|Any CPU
		{EF6380CE-5841-4D8E-8CEA-28E2120F7D6F}.Debug|Any CPU.ActiveCfg = Debug|Any CPU
		{EF6380CE-5841-4D8E-8CEA-28E2120F7D6F}.Debug|Any CPU.Build.0 = Debug|Any CPU
		{EF6380CE-5841-4D8E-8CEA-28E2120F7D6F}.Release|Any CPU.ActiveCfg = Release|Any CPU
		{EF6380CE-5841-4D8E-8CEA-28E2120F7D6F}.Release|Any CPU.Build.0 = Release|Any CPU
	EndGlobalSection
	GlobalSection(SolutionProperties) = preSolution
		HideSolutionNode = FALSE
	EndGlobalSection
	GlobalSection(ExtensibilityGlobals) = postSolution
		SolutionGuid = {4EC5BEBF-59D2-43EA-9328-EED6A6BBAF46}
	EndGlobalSection
EndGlobal
